# THIS IS AN AUTOGENERATED FILE. DO NOT EDIT THIS FILE DIRECTLY.
# yarn lockfile v1


"cordova-plugin-notificare@^3.0.0":
  "integrity" "sha512-dGjxdnvF7fmIe5lc4mMQnNqrkLflRoI8EeGLzNcPvOcefnUNkslbCrsbUl+mmka8o5sAdJQVXyewIIqGahfo0Q=="
  "resolved" "https://registry.npmjs.org/cordova-plugin-notificare/-/cordova-plugin-notificare-3.1.0.tgz"
  "version" "3.1.0"
